
Microsoft Visual Studio Solution File, Format Version 12.00
# Visual Studio Version 17
VisualStudioVersion = 17.14.36518.9
MinimumVisualStudioVersion = 10.0.40219.1
Project("{888888A0-9F3D-457C-B088-3A5042F75D52}") = "SinTracker", "SinTracker.pyproj", "{203F35A7-EEE6-4503-B353-5505A0BFE0C3}"
EndProject
Project("{2150E333-8FDC-42A3-9474-1A3956D46DE8}") = "SQLite", "SQLite", "{02EA681E-C7D8-13C7-8484-4AC65E1B71E8}"
	ProjectSection(SolutionItems) = preProject
		get_players.sql = get_players.sql
		SQLite\get_sins.sql = SQLite\get_sins.sql
		SQLite\get_total_sins.sql = SQLite\get_total_sins.sql
		SQLite\get_total_sins_player.sql = SQLite\get_total_sins_player.sql
		SQLite\schema.sql = SQLite\schema.sql
		SQLite\seed_players.sql = SQLite\seed_players.sql
		SQLite\seed_sins.sql = SQLite\seed_sins.sql
	EndProjectSection
EndProject
Project("{2150E333-8FDC-42A3-9474-1A3956D46DE8}") = "Solution Items", "Solution Items", "{8EC462FD-D22E-90A8-E5CE-7E832BA40C5D}"
EndProject
Project("{2150E333-8FDC-42A3-9474-1A3956D46DE8}") = "Helpers", "Helpers", "{0D53FEA8-61C3-4747-AA2E-66DC1EB7ADE4}"
	ProjectSection(SolutionItems) = preProject
		Helpers\database_helper.py = Helpers\database_helper.py
	EndProjectSection
EndProject
Global
	GlobalSection(SolutionConfigurationPlatforms) = preSolution
		Debug|Any CPU = Debug|Any CPU
		Release|Any CPU = Release|Any CPU
	EndGlobalSection
	GlobalSection(ProjectConfigurationPlatforms) = postSolution
		{203F35A7-EEE6-4503-B353-5505A0BFE0C3}.Debug|Any CPU.ActiveCfg = Debug|Any CPU
		{203F35A7-EEE6-4503-B353-5505A0BFE0C3}.Release|Any CPU.ActiveCfg = Release|Any CPU
	EndGlobalSection
	GlobalSection(SolutionProperties) = preSolution
		HideSolutionNode = FALSE
	EndGlobalSection
	GlobalSection(ExtensibilityGlobals) = postSolution
		SolutionGuid = {0A883C37-73D2-43CC-AE16-19CAB2666EE4}
	EndGlobalSection
EndGlobal
